
Microsoft Visual Studio Solution File, Format Version 12.00
# Visual Studio Version 16
VisualStudioVersion = 16.0.31424.327
MinimumVisualStudioVersion = 10.0.40219.1
Project("{D954291E-2A0B-460D-934E-DC6B0785DB48}") = "examen.Shared", "examen\examen.Shared\examen.Shared.shproj", "{6279C845-92F8-4333-AB99-3D213163593C}"
EndProject
Project("{2150E333-8FDC-42A3-9474-1A3956D46DE8}") = "Platforms", "Platforms", "{DB2125B0-12EF-48C1-9C44-CD58666ECAEE}"
EndProject
Project("{FAE04EC0-301F-11D3-BF4B-00C04F79EFBC}") = "examen.Droid", "examen\examen.Droid\examen.Droid.csproj", "{1E693D98-26B5-4D3E-BA2E-01F2ED4053FA}"
EndProject
Project("{FAE04EC0-301F-11D3-BF4B-00C04F79EFBC}") = "examen.iOS", "examen\examen.iOS\examen.iOS.csproj", "{523E8A17-3B19-4A5C-A053-E2CAA1ECA259}"
EndProject
Project("{FAE04EC0-301F-11D3-BF4B-00C04F79EFBC}") = "examen.UWP", "examen\examen.UWP\examen.UWP.csproj", "{0EF37AD0-D9F0-4CE5-8BD0-3EEDB94ED845}"
EndProject
Project("{FAE04EC0-301F-11D3-BF4B-00C04F79EFBC}") = "examen.Wasm", "examen\examen.Wasm\examen.Wasm.csproj", "{848F68B4-7CB9-4564-B029-45B1F3A712F4}"
EndProject
Project("{FAE04EC0-301F-11D3-BF4B-00C04F79EFBC}") = "examen.macOS", "examen\examen.macOS\examen.macOS.csproj", "{655CAAB8-C64C-4350-B030-BC75BC637522}"
EndProject
Project("{FAE04EC0-301F-11D3-BF4B-00C04F79EFBC}") = "examen.Skia.Wpf.Host", "examen\examen.Skia.Wpf.Host\examen.Skia.Wpf.Host.csproj", "{D5A558CE-90BC-4C1C-8084-6732A88BC21C}"
EndProject
Project("{FAE04EC0-301F-11D3-BF4B-00C04F79EFBC}") = "examen.Skia.Wpf", "examen\examen.Skia.Wpf\examen.Skia.Wpf.csproj", "{8C960F8E-E82D-49C1-B8BD-22DD1218B4F9}"
EndProject
Project("{FAE04EC0-301F-11D3-BF4B-00C04F79EFBC}") = "examen.Skia.Gtk", "examen\examen.Skia.Gtk\examen.Skia.Gtk.csproj", "{023D234E-BA07-431E-AB08-433387EA3C3E}"
EndProject
Project("{FAE04EC0-301F-11D3-BF4B-00C04F79EFBC}") = "examen.Skia.Tizen", "examen\examen.Skia.Tizen\examen.Skia.Tizen.csproj", "{964C2957-BA39-4A9F-9C1E-ECE05F871AC8}"
EndProject
Global
	GlobalSection(SharedMSBuildProjectFiles) = preSolution
		examen\examen.Shared\examen.Shared.projitems*{023d234e-ba07-431e-ab08-433387ea3c3e}*SharedItemsImports = 5
		examen\examen.Shared\examen.Shared.projitems*{0ef37ad0-d9f0-4ce5-8bd0-3eedb94ed845}*SharedItemsImports = 4
		examen\examen.Shared\examen.Shared.projitems*{1e693d98-26b5-4d3e-ba2e-01f2ed4053fa}*SharedItemsImports = 4
		examen\examen.Shared\examen.Shared.projitems*{523e8a17-3b19-4a5c-a053-e2caa1eca259}*SharedItemsImports = 4
		examen\examen.Shared\examen.Shared.projitems*{6279c845-92f8-4333-ab99-3d213163593c}*SharedItemsImports = 13
		examen\examen.Shared\examen.Shared.projitems*{655caab8-c64c-4350-b030-bc75bc637522}*SharedItemsImports = 4
		examen\examen.Shared\examen.Shared.projitems*{848f68b4-7cb9-4564-b029-45b1f3a712f4}*SharedItemsImports = 5
		examen\examen.Shared\examen.Shared.projitems*{8c960f8e-e82d-49c1-b8bd-22dd1218b4f9}*SharedItemsImports = 5
		examen\examen.Shared\examen.Shared.projitems*{964c2957-ba39-4a9f-9c1e-ece05f871ac8}*SharedItemsImports = 5
	EndGlobalSection
	GlobalSection(SolutionConfigurationPlatforms) = preSolution
		Ad-Hoc|Any CPU = Ad-Hoc|Any CPU
		Ad-Hoc|ARM = Ad-Hoc|ARM
		Ad-Hoc|ARM64 = Ad-Hoc|ARM64
		Ad-Hoc|iPhone = Ad-Hoc|iPhone
		Ad-Hoc|iPhoneSimulator = Ad-Hoc|iPhoneSimulator
		Ad-Hoc|x64 = Ad-Hoc|x64
		Ad-Hoc|x86 = Ad-Hoc|x86
		AppStore|Any CPU = AppStore|Any CPU
		AppStore|ARM = AppStore|ARM
		AppStore|ARM64 = AppStore|ARM64
		AppStore|iPhone = AppStore|iPhone
		AppStore|iPhoneSimulator = AppStore|iPhoneSimulator
		AppStore|x64 = AppStore|x64
		AppStore|x86 = AppStore|x86
		Debug|Any CPU = Debug|Any CPU
		Debug|ARM = Debug|ARM
		Debug|ARM64 = Debug|ARM64
		Debug|iPhone = Debug|iPhone
		Debug|iPhoneSimulator = Debug|iPhoneSimulator
		Debug|x64 = Debug|x64
		Debug|x86 = Debug|x86
		Release|Any CPU = Release|Any CPU
		Release|ARM = Release|ARM
		Release|ARM64 = Release|ARM64
		Release|iPhone = Release|iPhone
		Release|iPhoneSimulator = Release|iPhoneSimulator
		Release|x64 = Release|x64
		Release|x86 = Release|x86
	EndGlobalSection
	GlobalSection(ProjectConfigurationPlatforms) = postSolution
		{1E693D98-26B5-4D3E-BA2E-01F2ED4053FA}.Ad-Hoc|Any CPU.ActiveCfg = Debug|Any CPU
		{1E693D98-26B5-4D3E-BA2E-01F2ED4053FA}.Ad-Hoc|Any CPU.Build.0 = Debug|Any CPU
		{1E693D98-26B5-4D3E-BA2E-01F2ED4053FA}.Ad-Hoc|Any CPU.Deploy.0 = Debug|Any CPU
		{1E693D98-26B5-4D3E-BA2E-01F2ED4053FA}.Ad-Hoc|ARM.ActiveCfg = Debug|Any CPU
		{1E693D98-26B5-4D3E-BA2E-01F2ED4053FA}.Ad-Hoc|ARM.Build.0 = Debug|Any CPU
		{1E693D98-26B5-4D3E-BA2E-01F2ED4053FA}.Ad-Hoc|ARM.Deploy.0 = Debug|Any CPU
		{1E693D98-26B5-4D3E-BA2E-01F2ED4053FA}.Ad-Hoc|ARM64.ActiveCfg = Debug|Any CPU
		{1E693D98-26B5-4D3E-BA2E-01F2ED4053FA}.Ad-Hoc|ARM64.Build.0 = Debug|Any CPU
		{1E693D98-26B5-4D3E-BA2E-01F2ED4053FA}.Ad-Hoc|ARM64.Deploy.0 = Debug|Any CPU
		{1E693D98-26B5-4D3E-BA2E-01F2ED4053FA}.Ad-Hoc|iPhone.ActiveCfg = Debug|Any CPU
		{1E693D98-26B5-4D3E-BA2E-01F2ED4053FA}.Ad-Hoc|iPhone.Build.0 = Debug|Any CPU
		{1E693D98-26B5-4D3E-BA2E-01F2ED4053FA}.Ad-Hoc|iPhone.Deploy.0 = Debug|Any CPU
		{1E693D98-26B5-4D3E-BA2E-01F2ED4053FA}.Ad-Hoc|iPhoneSimulator.ActiveCfg = Debug|Any CPU
		{1E693D98-26B5-4D3E-BA2E-01F2ED4053FA}.Ad-Hoc|iPhoneSimulator.Build.0 = Debug|Any CPU
		{1E693D98-26B5-4D3E-BA2E-01F2ED4053FA}.Ad-Hoc|iPhoneSimulator.Deploy.0 = Debug|Any CPU
		{1E693D98-26B5-4D3E-BA2E-01F2ED4053FA}.Ad-Hoc|x64.ActiveCfg = Debug|Any CPU
		{1E693D98-26B5-4D3E-BA2E-01F2ED4053FA}.Ad-Hoc|x64.Build.0 = Debug|Any CPU
		{1E693D98-26B5-4D3E-BA2E-01F2ED4053FA}.Ad-Hoc|x64.Deploy.0 = Debug|Any CPU
		{1E693D98-26B5-4D3E-BA2E-01F2ED4053FA}.Ad-Hoc|x86.ActiveCfg = Debug|Any CPU
		{1E693D98-26B5-4D3E-BA2E-01F2ED4053FA}.Ad-Hoc|x86.Build.0 = Debug|Any CPU
		{1E693D98-26B5-4D3E-BA2E-01F2ED4053FA}.Ad-Hoc|x86.Deploy.0 = Debug|Any CPU
		{1E693D98-26B5-4D3E-BA2E-01F2ED4053FA}.AppStore|Any CPU.ActiveCfg = Debug|Any CPU
		{1E693D98-26B5-4D3E-BA2E-01F2ED4053FA}.AppStore|Any CPU.Build.0 = Debug|Any CPU
		{1E693D98-26B5-4D3E-BA2E-01F2ED4053FA}.AppStore|Any CPU.Deploy.0 = Debug|Any CPU
		{1E693D98-26B5-4D3E-BA2E-01F2ED4053FA}.AppStore|ARM.ActiveCfg = Debug|Any CPU
		{1E693D98-26B5-4D3E-BA2E-01F2ED4053FA}.AppStore|ARM.Build.0 = Debug|Any CPU
		{1E693D98-26B5-4D3E-BA2E-01F2ED4053FA}.AppStore|ARM.Deploy.0 = Debug|Any CPU
		{1E693D98-26B5-4D3E-BA2E-01F2ED4053FA}.AppStore|ARM64.ActiveCfg = Debug|Any CPU
		{1E693D98-26B5-4D3E-BA2E-01F2ED4053FA}.AppStore|ARM64.Build.0 = Debug|Any CPU
		{1E693D98-26B5-4D3E-BA2E-01F2ED4053FA}.AppStore|ARM64.Deploy.0 = Debug|Any CPU
		{1E693D98-26B5-4D3E-BA2E-01F2ED4053FA}.AppStore|iPhone.ActiveCfg = Debug|Any CPU
		{1E693D98-26B5-4D3E-BA2E-01F2ED4053FA}.AppStore|iPhone.Build.0 = Debug|Any CPU
		{1E693D98-26B5-4D3E-BA2E-01F2ED4053FA}.AppStore|iPhone.Deploy.0 = Debug|Any CPU
		{1E693D98-26B5-4D3E-BA2E-01F2ED4053FA}.AppStore|iPhoneSimulator.ActiveCfg = Debug|Any CPU
		{1E693D98-26B5-4D3E-BA2E-01F2ED4053FA}.AppStore|iPhoneSimulator.Build.0 = Debug|Any CPU
		{1E693D98-26B5-4D3E-BA2E-01F2ED4053FA}.AppStore|iPhoneSimulator.Deploy.0 = Debug|Any CPU
		{1E693D98-26B5-4D3E-BA2E-01F2ED4053FA}.AppStore|x64.ActiveCfg = Debug|Any CPU
		{1E693D98-26B5-4D3E-BA2E-01F2ED4053FA}.AppStore|x64.Build.0 = Debug|Any CPU
		{1E693D98-26B5-4D3E-BA2E-01F2ED4053FA}.AppStore|x64.Deploy.0 = Debug|Any CPU
		{1E693D98-26B5-4D3E-BA2E-01F2ED4053FA}.AppStore|x86.ActiveCfg = Debug|Any CPU
		{1E693D98-26B5-4D3E-BA2E-01F2ED4053FA}.AppStore|x86.Build.0 = Debug|Any CPU
		{1E693D98-26B5-4D3E-BA2E-01F2ED4053FA}.AppStore|x86.Deploy.0 = Debug|Any CPU
		{1E693D98-26B5-4D3E-BA2E-01F2ED4053FA}.Debug|Any CPU.ActiveCfg = Debug|Any CPU
		{1E693D98-26B5-4D3E-BA2E-01F2ED4053FA}.Debug|Any CPU.Build.0 = Debug|Any CPU
		{1E693D98-26B5-4D3E-BA2E-01F2ED4053FA}.Debug|Any CPU.Deploy.0 = Debug|Any CPU
		{1E693D98-26B5-4D3E-BA2E-01F2ED4053FA}.Debug|ARM.ActiveCfg = Debug|Any CPU
		{1E693D98-26B5-4D3E-BA2E-01F2ED4053FA}.Debug|ARM.Build.0 = Debug|Any CPU
		{1E693D98-26B5-4D3E-BA2E-01F2ED4053FA}.Debug|ARM.Deploy.0 = Debug|Any CPU
		{1E693D98-26B5-4D3E-BA2E-01F2ED4053FA}.Debug|ARM64.ActiveCfg = Debug|Any CPU
		{1E693D98-26B5-4D3E-BA2E-01F2ED4053FA}.Debug|ARM64.Build.0 = Debug|Any CPU
		{1E693D98-26B5-4D3E-BA2E-01F2ED4053FA}.Debug|ARM64.Deploy.0 = Debug|Any CPU
		{1E693D98-26B5-4D3E-BA2E-01F2ED4053FA}.Debug|iPhone.ActiveCfg = Debug|Any CPU
		{1E693D98-26B5-4D3E-BA2E-01F2ED4053FA}.Debug|iPhone.Build.0 = Debug|Any CPU
		{1E693D98-26B5-4D3E-BA2E-01F2ED4053FA}.Debug|iPhone.Deploy.0 = Debug|Any CPU
		{1E693D98-26B5-4D3E-BA2E-01F2ED4053FA}.Debug|iPhoneSimulator.ActiveCfg = Debug|Any CPU
		{1E693D98-26B5-4D3E-BA2E-01F2ED4053FA}.Debug|iPhoneSimulator.Build.0 = Debug|Any CPU
		{1E693D98-26B5-4D3E-BA2E-01F2ED4053FA}.Debug|iPhoneSimulator.Deploy.0 = Debug|Any CPU
		{1E693D98-26B5-4D3E-BA2E-01F2ED4053FA}.Debug|x64.ActiveCfg = Debug|Any CPU
		{1E693D98-26B5-4D3E-BA2E-01F2ED4053FA}.Debug|x64.Build.0 = Debug|Any CPU
		{1E693D98-26B5-4D3E-BA2E-01F2ED4053FA}.Debug|x64.Deploy.0 = Debug|Any CPU
		{1E693D98-26B5-4D3E-BA2E-01F2ED4053FA}.Debug|x86.ActiveCfg = Debug|Any CPU
		{1E693D98-26B5-4D3E-BA2E-01F2ED4053FA}.Debug|x86.Build.0 = Debug|Any CPU
		{1E693D98-26B5-4D3E-BA2E-01F2ED4053FA}.Debug|x86.Deploy.0 = Debug|Any CPU
		{1E693D98-26B5-4D3E-BA2E-01F2ED4053FA}.Release|Any CPU.ActiveCfg = Release|Any CPU
		{1E693D98-26B5-4D3E-BA2E-01F2ED4053FA}.Release|Any CPU.Build.0 = Release|Any CPU
		{1E693D98-26B5-4D3E-BA2E-01F2ED4053FA}.Release|Any CPU.Deploy.0 = Release|Any CPU
		{1E693D98-26B5-4D3E-BA2E-01F2ED4053FA}.Release|ARM.ActiveCfg = Release|Any CPU
		{1E693D98-26B5-4D3E-BA2E-01F2ED4053FA}.Release|ARM.Build.0 = Release|Any CPU
		{1E693D98-26B5-4D3E-BA2E-01F2ED4053FA}.Release|ARM.Deploy.0 = Release|Any CPU
		{1E693D98-26B5-4D3E-BA2E-01F2ED4053FA}.Release|ARM64.ActiveCfg = Release|Any CPU
		{1E693D98-26B5-4D3E-BA2E-01F2ED4053FA}.Release|ARM64.Build.0 = Release|Any CPU
		{1E693D98-26B5-4D3E-BA2E-01F2ED4053FA}.Release|ARM64.Deploy.0 = Release|Any CPU
		{1E693D98-26B5-4D3E-BA2E-01F2ED4053FA}.Release|iPhone.ActiveCfg = Release|Any CPU
		{1E693D98-26B5-4D3E-BA2E-01F2ED4053FA}.Release|iPhone.Build.0 = Release|Any CPU
		{1E693D98-26B5-4D3E-BA2E-01F2ED4053FA}.Release|iPhone.Deploy.0 = Release|Any CPU
		{1E693D98-26B5-4D3E-BA2E-01F2ED4053FA}.Release|iPhoneSimulator.ActiveCfg = Release|Any CPU
		{1E693D98-26B5-4D3E-BA2E-01F2ED4053FA}.Release|iPhoneSimulator.Build.0 = Release|Any CPU
		{1E693D98-26B5-4D3E-BA2E-01F2ED4053FA}.Release|iPhoneSimulator.Deploy.0 = Release|Any CPU
		{1E693D98-26B5-4D3E-BA2E-01F2ED4053FA}.Release|x64.ActiveCfg = Release|Any CPU
		{1E693D98-26B5-4D3E-BA2E-01F2ED4053FA}.Release|x64.Build.0 = Release|Any CPU
		{1E693D98-26B5-4D3E-BA2E-01F2ED4053FA}.Release|x64.Deploy.0 = Release|Any CPU
		{1E693D98-26B5-4D3E-BA2E-01F2ED4053FA}.Release|x86.ActiveCfg = Release|Any CPU
		{1E693D98-26B5-4D3E-BA2E-01F2ED4053FA}.Release|x86.Build.0 = Release|Any CPU
		{1E693D98-26B5-4D3E-BA2E-01F2ED4053FA}.Release|x86.Deploy.0 = Release|Any CPU
		{523E8A17-3B19-4A5C-A053-E2CAA1ECA259}.Ad-Hoc|Any CPU.ActiveCfg = Ad-Hoc|iPhoneSimulator
		{523E8A17-3B19-4A5C-A053-E2CAA1ECA259}.Ad-Hoc|ARM.ActiveCfg = Ad-Hoc|iPhoneSimulator
		{523E8A17-3B19-4A5C-A053-E2CAA1ECA259}.Ad-Hoc|ARM64.ActiveCfg = Ad-Hoc|iPhoneSimulator
		{523E8A17-3B19-4A5C-A053-E2CAA1ECA259}.Ad-Hoc|iPhone.ActiveCfg = Ad-Hoc|iPhone
		{523E8A17-3B19-4A5C-A053-E2CAA1ECA259}.Ad-Hoc|iPhone.Build.0 = Ad-Hoc|iPhone
		{523E8A17-3B19-4A5C-A053-E2CAA1ECA259}.Ad-Hoc|iPhoneSimulator.ActiveCfg = Ad-Hoc|iPhoneSimulator
		{523E8A17-3B19-4A5C-A053-E2CAA1ECA259}.Ad-Hoc|iPhoneSimulator.Build.0 = Ad-Hoc|iPhoneSimulator
		{523E8A17-3B19-4A5C-A053-E2CAA1ECA259}.Ad-Hoc|x64.ActiveCfg = Ad-Hoc|iPhoneSimulator
		{523E8A17-3B19-4A5C-A053-E2CAA1ECA259}.Ad-Hoc|x86.ActiveCfg = Ad-Hoc|iPhoneSimulator
		{523E8A17-3B19-4A5C-A053-E2CAA1ECA259}.AppStore|Any CPU.ActiveCfg = AppStore|iPhoneSimulator
		{523E8A17-3B19-4A5C-A053-E2CAA1ECA259}.AppStore|ARM.ActiveCfg = AppStore|iPhoneSimulator
		{523E8A17-3B19-4A5C-A053-E2CAA1ECA259}.AppStore|ARM64.ActiveCfg = AppStore|iPhoneSimulator
		{523E8A17-3B19-4A5C-A053-E2CAA1ECA259}.AppStore|iPhone.ActiveCfg = AppStore|iPhone
		{523E8A17-3B19-4A5C-A053-E2CAA1ECA259}.AppStore|iPhone.Build.0 = AppStore|iPhone
		{523E8A17-3B19-4A5C-A053-E2CAA1ECA259}.AppStore|iPhoneSimulator.ActiveCfg = AppStore|iPhoneSimulator
		{523E8A17-3B19-4A5C-A053-E2CAA1ECA259}.AppStore|iPhoneSimulator.Build.0 = AppStore|iPhoneSimulator
		{523E8A17-3B19-4A5C-A053-E2CAA1ECA259}.AppStore|x64.ActiveCfg = AppStore|iPhoneSimulator
		{523E8A17-3B19-4A5C-A053-E2CAA1ECA259}.AppStore|x86.ActiveCfg = AppStore|iPhoneSimulator
		{523E8A17-3B19-4A5C-A053-E2CAA1ECA259}.Debug|Any CPU.ActiveCfg = Debug|iPhoneSimulator
		{523E8A17-3B19-4A5C-A053-E2CAA1ECA259}.Debug|ARM.ActiveCfg = Debug|iPhoneSimulator
		{523E8A17-3B19-4A5C-A053-E2CAA1ECA259}.Debug|ARM64.ActiveCfg = Debug|iPhoneSimulator
		{523E8A17-3B19-4A5C-A053-E2CAA1ECA259}.Debug|iPhone.ActiveCfg = Debug|iPhone
		{523E8A17-3B19-4A5C-A053-E2CAA1ECA259}.Debug|iPhone.Build.0 = Debug|iPhone
		{523E8A17-3B19-4A5C-A053-E2CAA1ECA259}.Debug|iPhoneSimulator.ActiveCfg = Debug|iPhoneSimulator
		{523E8A17-3B19-4A5C-A053-E2CAA1ECA259}.Debug|iPhoneSimulator.Build.0 = Debug|iPhoneSimulator
		{523E8A17-3B19-4A5C-A053-E2CAA1ECA259}.Debug|x64.ActiveCfg = Debug|iPhoneSimulator
		{523E8A17-3B19-4A5C-A053-E2CAA1ECA259}.Debug|x86.ActiveCfg = Debug|iPhoneSimulator
		{523E8A17-3B19-4A5C-A053-E2CAA1ECA259}.Release|Any CPU.ActiveCfg = Release|iPhoneSimulator
		{523E8A17-3B19-4A5C-A053-E2CAA1ECA259}.Release|ARM.ActiveCfg = Release|iPhoneSimulator
		{523E8A17-3B19-4A5C-A053-E2CAA1ECA259}.Release|ARM64.ActiveCfg = Release|iPhoneSimulator
		{523E8A17-3B19-4A5C-A053-E2CAA1ECA259}.Release|iPhone.ActiveCfg = Release|iPhone
		{523E8A17-3B19-4A5C-A053-E2CAA1ECA259}.Release|iPhone.Build.0 = Release|iPhone
		{523E8A17-3B19-4A5C-A053-E2CAA1ECA259}.Release|iPhoneSimulator.ActiveCfg = Release|iPhoneSimulator
		{523E8A17-3B19-4A5C-A053-E2CAA1ECA259}.Release|iPhoneSimulator.Build.0 = Release|iPhoneSimulator
		{523E8A17-3B19-4A5C-A053-E2CAA1ECA259}.Release|x64.ActiveCfg = Release|iPhoneSimulator
		{523E8A17-3B19-4A5C-A053-E2CAA1ECA259}.Release|x86.ActiveCfg = Release|iPhoneSimulator
		{0EF37AD0-D9F0-4CE5-8BD0-3EEDB94ED845}.Ad-Hoc|Any CPU.ActiveCfg = Debug|x86
		{0EF37AD0-D9F0-4CE5-8BD0-3EEDB94ED845}.Ad-Hoc|Any CPU.Build.0 = Debug|x86
		{0EF37AD0-D9F0-4CE5-8BD0-3EEDB94ED845}.Ad-Hoc|Any CPU.Deploy.0 = Debug|x86
		{0EF37AD0-D9F0-4CE5-8BD0-3EEDB94ED845}.Ad-Hoc|ARM.ActiveCfg = Debug|ARM
		{0EF37AD0-D9F0-4CE5-8BD0-3EEDB94ED845}.Ad-Hoc|ARM.Build.0 = Debug|ARM
		{0EF37AD0-D9F0-4CE5-8BD0-3EEDB94ED845}.Ad-Hoc|ARM.Deploy.0 = Debug|ARM
		{0EF37AD0-D9F0-4CE5-8BD0-3EEDB94ED845}.Ad-Hoc|ARM64.ActiveCfg = Debug|ARM64
		{0EF37AD0-D9F0-4CE5-8BD0-3EEDB94ED845}.Ad-Hoc|ARM64.Build.0 = Debug|ARM64
		{0EF37AD0-D9F0-4CE5-8BD0-3EEDB94ED845}.Ad-Hoc|ARM64.Deploy.0 = Debug|ARM64
		{0EF37AD0-D9F0-4CE5-8BD0-3EEDB94ED845}.Ad-Hoc|iPhone.ActiveCfg = Debug|x86
		{0EF37AD0-D9F0-4CE5-8BD0-3EEDB94ED845}.Ad-Hoc|iPhone.Build.0 = Debug|x86
		{0EF37AD0-D9F0-4CE5-8BD0-3EEDB94ED845}.Ad-Hoc|iPhone.Deploy.0 = Debug|x86
		{0EF37AD0-D9F0-4CE5-8BD0-3EEDB94ED845}.Ad-Hoc|iPhoneSimulator.ActiveCfg = Debug|x86
		{0EF37AD0-D9F0-4CE5-8BD0-3EEDB94ED845}.Ad-Hoc|iPhoneSimulator.Build.0 = Debug|x86
		{0EF37AD0-D9F0-4CE5-8BD0-3EEDB94ED845}.Ad-Hoc|iPhoneSimulator.Deploy.0 = Debug|x86
		{0EF37AD0-D9F0-4CE5-8BD0-3EEDB94ED845}.Ad-Hoc|x64.ActiveCfg = Debug|x64
		{0EF37AD0-D9F0-4CE5-8BD0-3EEDB94ED845}.Ad-Hoc|x64.Build.0 = Debug|x64
		{0EF37AD0-D9F0-4CE5-8BD0-3EEDB94ED845}.Ad-Hoc|x64.Deploy.0 = Debug|x64
		{0EF37AD0-D9F0-4CE5-8BD0-3EEDB94ED845}.Ad-Hoc|x86.ActiveCfg = Debug|x86
		{0EF37AD0-D9F0-4CE5-8BD0-3EEDB94ED845}.Ad-Hoc|x86.Build.0 = Debug|x86
		{0EF37AD0-D9F0-4CE5-8BD0-3EEDB94ED845}.Ad-Hoc|x86.Deploy.0 = Debug|x86
		{0EF37AD0-D9F0-4CE5-8BD0-3EEDB94ED845}.AppStore|Any CPU.ActiveCfg = Debug|x86
		{0EF37AD0-D9F0-4CE5-8BD0-3EEDB94ED845}.AppStore|Any CPU.Build.0 = Debug|x86
		{0EF37AD0-D9F0-4CE5-8BD0-3EEDB94ED845}.AppStore|Any CPU.Deploy.0 = Debug|x86
		{0EF37AD0-D9F0-4CE5-8BD0-3EEDB94ED845}.AppStore|ARM.ActiveCfg = Debug|ARM
		{0EF37AD0-D9F0-4CE5-8BD0-3EEDB94ED845}.AppStore|ARM.Build.0 = Debug|ARM
		{0EF37AD0-D9F0-4CE5-8BD0-3EEDB94ED845}.AppStore|ARM.Deploy.0 = Debug|ARM
		{0EF37AD0-D9F0-4CE5-8BD0-3EEDB94ED845}.AppStore|ARM64.ActiveCfg = Debug|ARM64
		{0EF37AD0-D9F0-4CE5-8BD0-3EEDB94ED845}.AppStore|ARM64.Build.0 = Debug|ARM64
		{0EF37AD0-D9F0-4CE5-8BD0-3EEDB94ED845}.AppStore|ARM64.Deploy.0 = Debug|ARM64
		{0EF37AD0-D9F0-4CE5-8BD0-3EEDB94ED845}.AppStore|iPhone.ActiveCfg = Debug|x86
		{0EF37AD0-D9F0-4CE5-8BD0-3EEDB94ED845}.AppStore|iPhone.Build.0 = Debug|x86
		{0EF37AD0-D9F0-4CE5-8BD0-3EEDB94ED845}.AppStore|iPhone.Deploy.0 = Debug|x86
		{0EF37AD0-D9F0-4CE5-8BD0-3EEDB94ED845}.AppStore|iPhoneSimulator.ActiveCfg = Debug|x86
		{0EF37AD0-D9F0-4CE5-8BD0-3EEDB94ED845}.AppStore|iPhoneSimulator.Build.0 = Debug|x86
		{0EF37AD0-D9F0-4CE5-8BD0-3EEDB94ED845}.AppStore|iPhoneSimulator.Deploy.0 = Debug|x86
		{0EF37AD0-D9F0-4CE5-8BD0-3EEDB94ED845}.AppStore|x64.ActiveCfg = Debug|x64
		{0EF37AD0-D9F0-4CE5-8BD0-3EEDB94ED845}.AppStore|x64.Build.0 = Debug|x64
		{0EF37AD0-D9F0-4CE5-8BD0-3EEDB94ED845}.AppStore|x64.Deploy.0 = Debug|x64
		{0EF37AD0-D9F0-4CE5-8BD0-3EEDB94ED845}.AppStore|x86.ActiveCfg = Debug|x86
		{0EF37AD0-D9F0-4CE5-8BD0-3EEDB94ED845}.AppStore|x86.Build.0 = Debug|x86
		{0EF37AD0-D9F0-4CE5-8BD0-3EEDB94ED845}.AppStore|x86.Deploy.0 = Debug|x86
		{0EF37AD0-D9F0-4CE5-8BD0-3EEDB94ED845}.Debug|Any CPU.ActiveCfg = Debug|x86
		{0EF37AD0-D9F0-4CE5-8BD0-3EEDB94ED845}.Debug|Any CPU.Build.0 = Debug|x86
		{0EF37AD0-D9F0-4CE5-8BD0-3EEDB94ED845}.Debug|Any CPU.Deploy.0 = Debug|x86
		{0EF37AD0-D9F0-4CE5-8BD0-3EEDB94ED845}.Debug|ARM.ActiveCfg = Debug|ARM
		{0EF37AD0-D9F0-4CE5-8BD0-3EEDB94ED845}.Debug|ARM.Build.0 = Debug|ARM
		{0EF37AD0-D9F0-4CE5-8BD0-3EEDB94ED845}.Debug|ARM.Deploy.0 = Debug|ARM
		{0EF37AD0-D9F0-4CE5-8BD0-3EEDB94ED845}.Debug|ARM64.ActiveCfg = Debug|ARM64
		{0EF37AD0-D9F0-4CE5-8BD0-3EEDB94ED845}.Debug|ARM64.Build.0 = Debug|ARM64
		{0EF37AD0-D9F0-4CE5-8BD0-3EEDB94ED845}.Debug|ARM64.Deploy.0 = Debug|ARM64
		{0EF37AD0-D9F0-4CE5-8BD0-3EEDB94ED845}.Debug|iPhone.ActiveCfg = Debug|x86
		{0EF37AD0-D9F0-4CE5-8BD0-3EEDB94ED845}.Debug|iPhoneSimulator.ActiveCfg = Debug|x86
		{0EF37AD0-D9F0-4CE5-8BD0-3EEDB94ED845}.Debug|x64.ActiveCfg = Debug|x64
		{0EF37AD0-D9F0-4CE5-8BD0-3EEDB94ED845}.Debug|x64.Build.0 = Debug|x64
		{0EF37AD0-D9F0-4CE5-8BD0-3EEDB94ED845}.Debug|x64.Deploy.0 = Debug|x64
		{0EF37AD0-D9F0-4CE5-8BD0-3EEDB94ED845}.Debug|x86.ActiveCfg = Debug|x86
		{0EF37AD0-D9F0-4CE5-8BD0-3EEDB94ED845}.Debug|x86.Build.0 = Debug|x86
		{0EF37AD0-D9F0-4CE5-8BD0-3EEDB94ED845}.Debug|x86.Deploy.0 = Debug|x86
		{0EF37AD0-D9F0-4CE5-8BD0-3EEDB94ED845}.Release|Any CPU.ActiveCfg = Release|x86
		{0EF37AD0-D9F0-4CE5-8BD0-3EEDB94ED845}.Release|ARM.ActiveCfg = Release|ARM
		{0EF37AD0-D9F0-4CE5-8BD0-3EEDB94ED845}.Release|ARM.Build.0 = Release|ARM
		{0EF37AD0-D9F0-4CE5-8BD0-3EEDB94ED845}.Release|ARM.Deploy.0 = Release|ARM
		{0EF37AD0-D9F0-4CE5-8BD0-3EEDB94ED845}.Release|ARM64.ActiveCfg = Release|ARM64
		{0EF37AD0-D9F0-4CE5-8BD0-3EEDB94ED845}.Release|ARM64.Build.0 = Release|ARM64
		{0EF37AD0-D9F0-4CE5-8BD0-3EEDB94ED845}.Release|ARM64.Deploy.0 = Release|ARM64
		{0EF37AD0-D9F0-4CE5-8BD0-3EEDB94ED845}.Release|iPhone.ActiveCfg = Release|x86
		{0EF37AD0-D9F0-4CE5-8BD0-3EEDB94ED845}.Release|iPhoneSimulator.ActiveCfg = Release|x86
		{0EF37AD0-D9F0-4CE5-8BD0-3EEDB94ED845}.Release|x64.ActiveCfg = Release|x64
		{0EF37AD0-D9F0-4CE5-8BD0-3EEDB94ED845}.Release|x64.Build.0 = Release|x64
		{0EF37AD0-D9F0-4CE5-8BD0-3EEDB94ED845}.Release|x64.Deploy.0 = Release|x64
		{0EF37AD0-D9F0-4CE5-8BD0-3EEDB94ED845}.Release|x86.ActiveCfg = Release|x86
		{0EF37AD0-D9F0-4CE5-8BD0-3EEDB94ED845}.Release|x86.Build.0 = Release|x86
		{0EF37AD0-D9F0-4CE5-8BD0-3EEDB94ED845}.Release|x86.Deploy.0 = Release|x86
		{848F68B4-7CB9-4564-B029-45B1F3A712F4}.Ad-Hoc|Any CPU.ActiveCfg = Debug|Any CPU
		{848F68B4-7CB9-4564-B029-45B1F3A712F4}.Ad-Hoc|Any CPU.Build.0 = Debug|Any CPU
		{848F68B4-7CB9-4564-B029-45B1F3A712F4}.Ad-Hoc|ARM.ActiveCfg = Debug|Any CPU
		{848F68B4-7CB9-4564-B029-45B1F3A712F4}.Ad-Hoc|ARM.Build.0 = Debug|Any CPU
		{848F68B4-7CB9-4564-B029-45B1F3A712F4}.Ad-Hoc|ARM64.ActiveCfg = Debug|Any CPU
		{848F68B4-7CB9-4564-B029-45B1F3A712F4}.Ad-Hoc|ARM64.Build.0 = Debug|Any CPU
		{848F68B4-7CB9-4564-B029-45B1F3A712F4}.Ad-Hoc|iPhone.ActiveCfg = Debug|Any CPU
		{848F68B4-7CB9-4564-B029-45B1F3A712F4}.Ad-Hoc|iPhone.Build.0 = Debug|Any CPU
		{848F68B4-7CB9-4564-B029-45B1F3A712F4}.Ad-Hoc|iPhoneSimulator.ActiveCfg = Debug|Any CPU
		{848F68B4-7CB9-4564-B029-45B1F3A712F4}.Ad-Hoc|iPhoneSimulator.Build.0 = Debug|Any CPU
		{848F68B4-7CB9-4564-B029-45B1F3A712F4}.Ad-Hoc|x64.ActiveCfg = Debug|Any CPU
		{848F68B4-7CB9-4564-B029-45B1F3A712F4}.Ad-Hoc|x64.Build.0 = Debug|Any CPU
		{848F68B4-7CB9-4564-B029-45B1F3A712F4}.Ad-Hoc|x86.ActiveCfg = Debug|Any CPU
		{848F68B4-7CB9-4564-B029-45B1F3A712F4}.Ad-Hoc|x86.Build.0 = Debug|Any CPU
		{848F68B4-7CB9-4564-B029-45B1F3A712F4}.AppStore|Any CPU.ActiveCfg = Debug|Any CPU
		{848F68B4-7CB9-4564-B029-45B1F3A712F4}.AppStore|Any CPU.Build.0 = Debug|Any CPU
		{848F68B4-7CB9-4564-B029-45B1F3A712F4}.AppStore|ARM.ActiveCfg = Debug|Any CPU
		{848F68B4-7CB9-4564-B029-45B1F3A712F4}.AppStore|ARM.Build.0 = Debug|Any CPU
		{848F68B4-7CB9-4564-B029-45B1F3A712F4}.AppStore|ARM64.ActiveCfg = Debug|Any CPU
		{848F68B4-7CB9-4564-B029-45B1F3A712F4}.AppStore|ARM64.Build.0 = Debug|Any CPU
		{848F68B4-7CB9-4564-B029-45B1F3A712F4}.AppStore|iPhone.ActiveCfg = Debug|Any CPU
		{848F68B4-7CB9-4564-B029-45B1F3A712F4}.AppStore|iPhone.Build.0 = Debug|Any CPU
		{848F68B4-7CB9-4564-B029-45B1F3A712F4}.AppStore|iPhoneSimulator.ActiveCfg = Debug|Any CPU
		{848F68B4-7CB9-4564-B029-45B1F3A712F4}.AppStore|iPhoneSimulator.Build.0 = Debug|Any CPU
		{848F68B4-7CB9-4564-B029-45B1F3A712F4}.AppStore|x64.ActiveCfg = Debug|Any CPU
		{848F68B4-7CB9-4564-B029-45B1F3A712F4}.AppStore|x64.Build.0 = Debug|Any CPU
		{848F68B4-7CB9-4564-B029-45B1F3A712F4}.AppStore|x86.ActiveCfg = Debug|Any CPU
		{848F68B4-7CB9-4564-B029-45B1F3A712F4}.AppStore|x86.Build.0 = Debug|Any CPU
		{848F68B4-7CB9-4564-B029-45B1F3A712F4}.Debug|Any CPU.ActiveCfg = Debug|Any CPU
		{848F68B4-7CB9-4564-B029-45B1F3A712F4}.Debug|Any CPU.Build.0 = Debug|Any CPU
		{848F68B4-7CB9-4564-B029-45B1F3A712F4}.Debug|ARM.ActiveCfg = Debug|Any CPU
		{848F68B4-7CB9-4564-B029-45B1F3A712F4}.Debug|ARM.Build.0 = Debug|Any CPU
		{848F68B4-7CB9-4564-B029-45B1F3A712F4}.Debug|ARM64.ActiveCfg = Debug|Any CPU
		{848F68B4-7CB9-4564-B029-45B1F3A712F4}.Debug|ARM64.Build.0 = Debug|Any CPU
		{848F68B4-7CB9-4564-B029-45B1F3A712F4}.Debug|iPhone.ActiveCfg = Debug|Any CPU
		{848F68B4-7CB9-4564-B029-45B1F3A712F4}.Debug|iPhone.Build.0 = Debug|Any CPU
		{848F68B4-7CB9-4564-B029-45B1F3A712F4}.Debug|iPhoneSimulator.ActiveCfg = Debug|Any CPU
		{848F68B4-7CB9-4564-B029-45B1F3A712F4}.Debug|iPhoneSimulator.Build.0 = Debug|Any CPU
		{848F68B4-7CB9-4564-B029-45B1F3A712F4}.Debug|x64.ActiveCfg = Debug|Any CPU
		{848F68B4-7CB9-4564-B029-45B1F3A712F4}.Debug|x64.Build.0 = Debug|Any CPU
		{848F68B4-7CB9-4564-B029-45B1F3A712F4}.Debug|x86.ActiveCfg = Debug|Any CPU
		{848F68B4-7CB9-4564-B029-45B1F3A712F4}.Debug|x86.Build.0 = Debug|Any CPU
		{848F68B4-7CB9-4564-B029-45B1F3A712F4}.Release|Any CPU.ActiveCfg = Release|Any CPU
		{848F68B4-7CB9-4564-B029-45B1F3A712F4}.Release|Any CPU.Build.0 = Release|Any CPU
		{848F68B4-7CB9-4564-B029-45B1F3A712F4}.Release|ARM.ActiveCfg = Release|Any CPU
		{848F68B4-7CB9-4564-B029-45B1F3A712F4}.Release|ARM.Build.0 = Release|Any CPU
		{848F68B4-7CB9-4564-B029-45B1F3A712F4}.Release|ARM64.ActiveCfg = Release|Any CPU
		{848F68B4-7CB9-4564-B029-45B1F3A712F4}.Release|ARM64.Build.0 = Release|Any CPU
		{848F68B4-7CB9-4564-B029-45B1F3A712F4}.Release|iPhone.ActiveCfg = Release|Any CPU
		{848F68B4-7CB9-4564-B029-45B1F3A712F4}.Release|iPhone.Build.0 = Release|Any CPU
		{848F68B4-7CB9-4564-B029-45B1F3A712F4}.Release|iPhoneSimulator.ActiveCfg = Release|Any CPU
		{848F68B4-7CB9-4564-B029-45B1F3A712F4}.Release|iPhoneSimulator.Build.0 = Release|Any CPU
		{848F68B4-7CB9-4564-B029-45B1F3A712F4}.Release|x64.ActiveCfg = Release|Any CPU
		{848F68B4-7CB9-4564-B029-45B1F3A712F4}.Release|x64.Build.0 = Release|Any CPU
		{848F68B4-7CB9-4564-B029-45B1F3A712F4}.Release|x86.ActiveCfg = Release|Any CPU
		{848F68B4-7CB9-4564-B029-45B1F3A712F4}.Release|x86.Build.0 = Release|Any CPU
		{655CAAB8-C64C-4350-B030-BC75BC637522}.Ad-Hoc|Any CPU.ActiveCfg = Debug|iPhoneSimulator
		{655CAAB8-C64C-4350-B030-BC75BC637522}.Ad-Hoc|Any CPU.Build.0 = Debug|iPhoneSimulator
		{655CAAB8-C64C-4350-B030-BC75BC637522}.Ad-Hoc|ARM.ActiveCfg = Debug|iPhoneSimulator
		{655CAAB8-C64C-4350-B030-BC75BC637522}.Ad-Hoc|ARM.Build.0 = Debug|iPhoneSimulator
		{655CAAB8-C64C-4350-B030-BC75BC637522}.Ad-Hoc|ARM64.ActiveCfg = Debug|iPhoneSimulator
		{655CAAB8-C64C-4350-B030-BC75BC637522}.Ad-Hoc|ARM64.Build.0 = Debug|iPhoneSimulator
		{655CAAB8-C64C-4350-B030-BC75BC637522}.Ad-Hoc|iPhone.ActiveCfg = Debug|iPhoneSimulator
		{655CAAB8-C64C-4350-B030-BC75BC637522}.Ad-Hoc|iPhone.Build.0 = Debug|iPhoneSimulator
		{655CAAB8-C64C-4350-B030-BC75BC637522}.Ad-Hoc|iPhoneSimulator.ActiveCfg = Debug|iPhoneSimulator
		{655CAAB8-C64C-4350-B030-BC75BC637522}.Ad-Hoc|iPhoneSimulator.Build.0 = Debug|iPhoneSimulator
		{655CAAB8-C64C-4350-B030-BC75BC637522}.Ad-Hoc|x64.ActiveCfg = Debug|iPhoneSimulator
		{655CAAB8-C64C-4350-B030-BC75BC637522}.Ad-Hoc|x64.Build.0 = Debug|iPhoneSimulator
		{655CAAB8-C64C-4350-B030-BC75BC637522}.Ad-Hoc|x86.ActiveCfg = Debug|iPhoneSimulator
		{655CAAB8-C64C-4350-B030-BC75BC637522}.Ad-Hoc|x86.Build.0 = Debug|iPhoneSimulator
		{655CAAB8-C64C-4350-B030-BC75BC637522}.AppStore|Any CPU.ActiveCfg = Debug|iPhoneSimulator
		{655CAAB8-C64C-4350-B030-BC75BC637522}.AppStore|Any CPU.Build.0 = Debug|iPhoneSimulator
		{655CAAB8-C64C-4350-B030-BC75BC637522}.AppStore|ARM.ActiveCfg = Debug|iPhoneSimulator
		{655CAAB8-C64C-4350-B030-BC75BC637522}.AppStore|ARM.Build.0 = Debug|iPhoneSimulator
		{655CAAB8-C64C-4350-B030-BC75BC637522}.AppStore|ARM64.ActiveCfg = Debug|iPhoneSimulator
		{655CAAB8-C64C-4350-B030-BC75BC637522}.AppStore|ARM64.Build.0 = Debug|iPhoneSimulator
		{655CAAB8-C64C-4350-B030-BC75BC637522}.AppStore|iPhone.ActiveCfg = Debug|iPhoneSimulator
		{655CAAB8-C64C-4350-B030-BC75BC637522}.AppStore|iPhone.Build.0 = Debug|iPhoneSimulator
		{655CAAB8-C64C-4350-B030-BC75BC637522}.AppStore|iPhoneSimulator.ActiveCfg = Debug|iPhoneSimulator
		{655CAAB8-C64C-4350-B030-BC75BC637522}.AppStore|iPhoneSimulator.Build.0 = Debug|iPhoneSimulator
		{655CAAB8-C64C-4350-B030-BC75BC637522}.AppStore|x64.ActiveCfg = Debug|iPhoneSimulator
		{655CAAB8-C64C-4350-B030-BC75BC637522}.AppStore|x64.Build.0 = Debug|iPhoneSimulator
		{655CAAB8-C64C-4350-B030-BC75BC637522}.AppStore|x86.ActiveCfg = Debug|iPhoneSimulator
		{655CAAB8-C64C-4350-B030-BC75BC637522}.AppStore|x86.Build.0 = Debug|iPhoneSimulator
		{655CAAB8-C64C-4350-B030-BC75BC637522}.Debug|Any CPU.ActiveCfg = Debug|iPhoneSimulator
		{655CAAB8-C64C-4350-B030-BC75BC637522}.Debug|ARM.ActiveCfg = Debug|iPhoneSimulator
		{655CAAB8-C64C-4350-B030-BC75BC637522}.Debug|ARM64.ActiveCfg = Debug|iPhoneSimulator
		{655CAAB8-C64C-4350-B030-BC75BC637522}.Debug|iPhone.ActiveCfg = Debug|iPhoneSimulator
		{655CAAB8-C64C-4350-B030-BC75BC637522}.Debug|iPhoneSimulator.ActiveCfg = Debug|iPhoneSimulator
		{655CAAB8-C64C-4350-B030-BC75BC637522}.Debug|iPhoneSimulator.Build.0 = Debug|iPhoneSimulator
		{655CAAB8-C64C-4350-B030-BC75BC637522}.Debug|x64.ActiveCfg = Debug|iPhoneSimulator
		{655CAAB8-C64C-4350-B030-BC75BC637522}.Debug|x86.ActiveCfg = Debug|iPhoneSimulator
		{655CAAB8-C64C-4350-B030-BC75BC637522}.Release|Any CPU.ActiveCfg = Release|iPhoneSimulator
		{655CAAB8-C64C-4350-B030-BC75BC637522}.Release|ARM.ActiveCfg = Release|iPhoneSimulator
		{655CAAB8-C64C-4350-B030-BC75BC637522}.Release|ARM64.ActiveCfg = Release|iPhoneSimulator
		{655CAAB8-C64C-4350-B030-BC75BC637522}.Release|iPhone.ActiveCfg = Release|iPhoneSimulator
		{655CAAB8-C64C-4350-B030-BC75BC637522}.Release|iPhoneSimulator.ActiveCfg = Release|iPhoneSimulator
		{655CAAB8-C64C-4350-B030-BC75BC637522}.Release|iPhoneSimulator.Build.0 = Release|iPhoneSimulator
		{655CAAB8-C64C-4350-B030-BC75BC637522}.Release|x64.ActiveCfg = Release|iPhoneSimulator
		{655CAAB8-C64C-4350-B030-BC75BC637522}.Release|x86.ActiveCfg = Release|iPhoneSimulator
		{D5A558CE-90BC-4C1C-8084-6732A88BC21C}.Ad-Hoc|Any CPU.ActiveCfg = Debug|Any CPU
		{D5A558CE-90BC-4C1C-8084-6732A88BC21C}.Ad-Hoc|Any CPU.Build.0 = Debug|Any CPU
		{D5A558CE-90BC-4C1C-8084-6732A88BC21C}.Ad-Hoc|ARM.ActiveCfg = Debug|Any CPU
		{D5A558CE-90BC-4C1C-8084-6732A88BC21C}.Ad-Hoc|ARM.Build.0 = Debug|Any CPU
		{D5A558CE-90BC-4C1C-8084-6732A88BC21C}.Ad-Hoc|ARM64.ActiveCfg = Debug|Any CPU
		{D5A558CE-90BC-4C1C-8084-6732A88BC21C}.Ad-Hoc|ARM64.Build.0 = Debug|Any CPU
		{D5A558CE-90BC-4C1C-8084-6732A88BC21C}.Ad-Hoc|iPhone.ActiveCfg = Debug|Any CPU
		{D5A558CE-90BC-4C1C-8084-6732A88BC21C}.Ad-Hoc|iPhone.Build.0 = Debug|Any CPU
		{D5A558CE-90BC-4C1C-8084-6732A88BC21C}.Ad-Hoc|iPhoneSimulator.ActiveCfg = Debug|Any CPU
		{D5A558CE-90BC-4C1C-8084-6732A88BC21C}.Ad-Hoc|iPhoneSimulator.Build.0 = Debug|Any CPU
		{D5A558CE-90BC-4C1C-8084-6732A88BC21C}.Ad-Hoc|x64.ActiveCfg = Debug|Any CPU
		{D5A558CE-90BC-4C1C-8084-6732A88BC21C}.Ad-Hoc|x64.Build.0 = Debug|Any CPU
		{D5A558CE-90BC-4C1C-8084-6732A88BC21C}.Ad-Hoc|x86.ActiveCfg = Debug|Any CPU
		{D5A558CE-90BC-4C1C-8084-6732A88BC21C}.Ad-Hoc|x86.Build.0 = Debug|Any CPU
		{D5A558CE-90BC-4C1C-8084-6732A88BC21C}.AppStore|Any CPU.ActiveCfg = Debug|Any CPU
		{D5A558CE-90BC-4C1C-8084-6732A88BC21C}.AppStore|Any CPU.Build.0 = Debug|Any CPU
		{D5A558CE-90BC-4C1C-8084-6732A88BC21C}.AppStore|ARM.ActiveCfg = Debug|Any CPU
		{D5A558CE-90BC-4C1C-8084-6732A88BC21C}.AppStore|ARM.Build.0 = Debug|Any CPU
		{D5A558CE-90BC-4C1C-8084-6732A88BC21C}.AppStore|ARM64.ActiveCfg = Debug|Any CPU
		{D5A558CE-90BC-4C1C-8084-6732A88BC21C}.AppStore|ARM64.Build.0 = Debug|Any CPU
		{D5A558CE-90BC-4C1C-8084-6732A88BC21C}.AppStore|iPhone.ActiveCfg = Debug|Any CPU
		{D5A558CE-90BC-4C1C-8084-6732A88BC21C}.AppStore|iPhone.Build.0 = Debug|Any CPU
		{D5A558CE-90BC-4C1C-8084-6732A88BC21C}.AppStore|iPhoneSimulator.ActiveCfg = Debug|Any CPU
		{D5A558CE-90BC-4C1C-8084-6732A88BC21C}.AppStore|iPhoneSimulator.Build.0 = Debug|Any CPU
		{D5A558CE-90BC-4C1C-8084-6732A88BC21C}.AppStore|x64.ActiveCfg = Debug|Any CPU
		{D5A558CE-90BC-4C1C-8084-6732A88BC21C}.AppStore|x64.Build.0 = Debug|Any CPU
		{D5A558CE-90BC-4C1C-8084-6732A88BC21C}.AppStore|x86.ActiveCfg = Debug|Any CPU
		{D5A558CE-90BC-4C1C-8084-6732A88BC21C}.AppStore|x86.Build.0 = Debug|Any CPU
		{D5A558CE-90BC-4C1C-8084-6732A88BC21C}.Debug|Any CPU.ActiveCfg = Debug|Any CPU
		{D5A558CE-90BC-4C1C-8084-6732A88BC21C}.Debug|Any CPU.Build.0 = Debug|Any CPU
		{D5A558CE-90BC-4C1C-8084-6732A88BC21C}.Debug|ARM.ActiveCfg = Debug|Any CPU
		{D5A558CE-90BC-4C1C-8084-6732A88BC21C}.Debug|ARM.Build.0 = Debug|Any CPU
		{D5A558CE-90BC-4C1C-8084-6732A88BC21C}.Debug|ARM64.ActiveCfg = Debug|Any CPU
		{D5A558CE-90BC-4C1C-8084-6732A88BC21C}.Debug|ARM64.Build.0 = Debug|Any CPU
		{D5A558CE-90BC-4C1C-8084-6732A88BC21C}.Debug|iPhone.ActiveCfg = Debug|Any CPU
		{D5A558CE-90BC-4C1C-8084-6732A88BC21C}.Debug|iPhone.Build.0 = Debug|Any CPU
		{D5A558CE-90BC-4C1C-8084-6732A88BC21C}.Debug|iPhoneSimulator.ActiveCfg = Debug|Any CPU
		{D5A558CE-90BC-4C1C-8084-6732A88BC21C}.Debug|iPhoneSimulator.Build.0 = Debug|Any CPU
		{D5A558CE-90BC-4C1C-8084-6732A88BC21C}.Debug|x64.ActiveCfg = Debug|Any CPU
		{D5A558CE-90BC-4C1C-8084-6732A88BC21C}.Debug|x64.Build.0 = Debug|Any CPU
		{D5A558CE-90BC-4C1C-8084-6732A88BC21C}.Debug|x86.ActiveCfg = Debug|Any CPU
		{D5A558CE-90BC-4C1C-8084-6732A88BC21C}.Debug|x86.Build.0 = Debug|Any CPU
		{D5A558CE-90BC-4C1C-8084-6732A88BC21C}.Release|Any CPU.ActiveCfg = Release|Any CPU
		{D5A558CE-90BC-4C1C-8084-6732A88BC21C}.Release|Any CPU.Build.0 = Release|Any CPU
		{D5A558CE-90BC-4C1C-8084-6732A88BC21C}.Release|ARM.ActiveCfg = Release|Any CPU
		{D5A558CE-90BC-4C1C-8084-6732A88BC21C}.Release|ARM.Build.0 = Release|Any CPU
		{D5A558CE-90BC-4C1C-8084-6732A88BC21C}.Release|ARM64.ActiveCfg = Release|Any CPU
		{D5A558CE-90BC-4C1C-8084-6732A88BC21C}.Release|ARM64.Build.0 = Release|Any CPU
		{D5A558CE-90BC-4C1C-8084-6732A88BC21C}.Release|iPhone.ActiveCfg = Release|Any CPU
		{D5A558CE-90BC-4C1C-8084-6732A88BC21C}.Release|iPhone.Build.0 = Release|Any CPU
		{D5A558CE-90BC-4C1C-8084-6732A88BC21C}.Release|iPhoneSimulator.ActiveCfg = Release|Any CPU
		{D5A558CE-90BC-4C1C-8084-6732A88BC21C}.Release|iPhoneSimulator.Build.0 = Release|Any CPU
		{D5A558CE-90BC-4C1C-8084-6732A88BC21C}.Release|x64.ActiveCfg = Release|Any CPU
		{D5A558CE-90BC-4C1C-8084-6732A88BC21C}.Release|x64.Build.0 = Release|Any CPU
		{D5A558CE-90BC-4C1C-8084-6732A88BC21C}.Release|x86.ActiveCfg = Release|Any CPU
		{D5A558CE-90BC-4C1C-8084-6732A88BC21C}.Release|x86.Build.0 = Release|Any CPU
		{8C960F8E-E82D-49C1-B8BD-22DD1218B4F9}.Ad-Hoc|Any CPU.ActiveCfg = Debug|Any CPU
		{8C960F8E-E82D-49C1-B8BD-22DD1218B4F9}.Ad-Hoc|Any CPU.Build.0 = Debug|Any CPU
		{8C960F8E-E82D-49C1-B8BD-22DD1218B4F9}.Ad-Hoc|ARM.ActiveCfg = Debug|Any CPU
		{8C960F8E-E82D-49C1-B8BD-22DD1218B4F9}.Ad-Hoc|ARM.Build.0 = Debug|Any CPU
		{8C960F8E-E82D-49C1-B8BD-22DD1218B4F9}.Ad-Hoc|ARM64.ActiveCfg = Debug|Any CPU
		{8C960F8E-E82D-49C1-B8BD-22DD1218B4F9}.Ad-Hoc|ARM64.Build.0 = Debug|Any CPU
		{8C960F8E-E82D-49C1-B8BD-22DD1218B4F9}.Ad-Hoc|iPhone.ActiveCfg = Debug|Any CPU
		{8C960F8E-E82D-49C1-B8BD-22DD1218B4F9}.Ad-Hoc|iPhone.Build.0 = Debug|Any CPU
		{8C960F8E-E82D-49C1-B8BD-22DD1218B4F9}.Ad-Hoc|iPhoneSimulator.ActiveCfg = Debug|Any CPU
		{8C960F8E-E82D-49C1-B8BD-22DD1218B4F9}.Ad-Hoc|iPhoneSimulator.Build.0 = Debug|Any CPU
		{8C960F8E-E82D-49C1-B8BD-22DD1218B4F9}.Ad-Hoc|x64.ActiveCfg = Debug|Any CPU
		{8C960F8E-E82D-49C1-B8BD-22DD1218B4F9}.Ad-Hoc|x64.Build.0 = Debug|Any CPU
		{8C960F8E-E82D-49C1-B8BD-22DD1218B4F9}.Ad-Hoc|x86.ActiveCfg = Debug|Any CPU
		{8C960F8E-E82D-49C1-B8BD-22DD1218B4F9}.Ad-Hoc|x86.Build.0 = Debug|Any CPU
		{8C960F8E-E82D-49C1-B8BD-22DD1218B4F9}.AppStore|Any CPU.ActiveCfg = Debug|Any CPU
		{8C960F8E-E82D-49C1-B8BD-22DD1218B4F9}.AppStore|Any CPU.Build.0 = Debug|Any CPU
		{8C960F8E-E82D-49C1-B8BD-22DD1218B4F9}.AppStore|ARM.ActiveCfg = Debug|Any CPU
		{8C960F8E-E82D-49C1-B8BD-22DD1218B4F9}.AppStore|ARM.Build.0 = Debug|Any CPU
		{8C960F8E-E82D-49C1-B8BD-22DD1218B4F9}.AppStore|ARM64.ActiveCfg = Debug|Any CPU
		{8C960F8E-E82D-49C1-B8BD-22DD1218B4F9}.AppStore|ARM64.Build.0 = Debug|Any CPU
		{8C960F8E-E82D-49C1-B8BD-22DD1218B4F9}.AppStore|iPhone.ActiveCfg = Debug|Any CPU
		{8C960F8E-E82D-49C1-B8BD-22DD1218B4F9}.AppStore|iPhone.Build.0 = Debug|Any CPU
		{8C960F8E-E82D-49C1-B8BD-22DD1218B4F9}.AppStore|iPhoneSimulator.ActiveCfg = Debug|Any CPU
		{8C960F8E-E82D-49C1-B8BD-22DD1218B4F9}.AppStore|iPhoneSimulator.Build.0 = Debug|Any CPU
		{8C960F8E-E82D-49C1-B8BD-22DD1218B4F9}.AppStore|x64.ActiveCfg = Debug|Any CPU
		{8C960F8E-E82D-49C1-B8BD-22DD1218B4F9}.AppStore|x64.Build.0 = Debug|Any CPU
		{8C960F8E-E82D-49C1-B8BD-22DD1218B4F9}.AppStore|x86.ActiveCfg = Debug|Any CPU
		{8C960F8E-E82D-49C1-B8BD-22DD1218B4F9}.AppStore|x86.Build.0 = Debug|Any CPU
		{8C960F8E-E82D-49C1-B8BD-22DD1218B4F9}.Debug|Any CPU.ActiveCfg = Debug|Any CPU
		{8C960F8E-E82D-49C1-B8BD-22DD1218B4F9}.Debug|Any CPU.Build.0 = Debug|Any CPU
		{8C960F8E-E82D-49C1-B8BD-22DD1218B4F9}.Debug|ARM.ActiveCfg = Debug|Any CPU
		{8C960F8E-E82D-49C1-B8BD-22DD1218B4F9}.Debug|ARM.Build.0 = Debug|Any CPU
		{8C960F8E-E82D-49C1-B8BD-22DD1218B4F9}.Debug|ARM64.ActiveCfg = Debug|Any CPU
		{8C960F8E-E82D-49C1-B8BD-22DD1218B4F9}.Debug|ARM64.Build.0 = Debug|Any CPU
		{8C960F8E-E82D-49C1-B8BD-22DD1218B4F9}.Debug|iPhone.ActiveCfg = Debug|Any CPU
		{8C960F8E-E82D-49C1-B8BD-22DD1218B4F9}.Debug|iPhone.Build.0 = Debug|Any CPU
		{8C960F8E-E82D-49C1-B8BD-22DD1218B4F9}.Debug|iPhoneSimulator.ActiveCfg = Debug|Any CPU
		{8C960F8E-E82D-49C1-B8BD-22DD1218B4F9}.Debug|iPhoneSimulator.Build.0 = Debug|Any CPU
		{8C960F8E-E82D-49C1-B8BD-22DD1218B4F9}.Debug|x64.ActiveCfg = Debug|Any CPU
		{8C960F8E-E82D-49C1-B8BD-22DD1218B4F9}.Debug|x64.Build.0 = Debug|Any CPU
		{8C960F8E-E82D-49C1-B8BD-22DD1218B4F9}.Debug|x86.ActiveCfg = Debug|Any CPU
		{8C960F8E-E82D-49C1-B8BD-22DD1218B4F9}.Debug|x86.Build.0 = Debug|Any CPU
		{8C960F8E-E82D-49C1-B8BD-22DD1218B4F9}.Release|Any CPU.ActiveCfg = Release|Any CPU
		{8C960F8E-E82D-49C1-B8BD-22DD1218B4F9}.Release|Any CPU.Build.0 = Release|Any CPU
		{8C960F8E-E82D-49C1-B8BD-22DD1218B4F9}.Release|ARM.ActiveCfg = Release|Any CPU
		{8C960F8E-E82D-49C1-B8BD-22DD1218B4F9}.Release|ARM.Build.0 = Release|Any CPU
		{8C960F8E-E82D-49C1-B8BD-22DD1218B4F9}.Release|ARM64.ActiveCfg = Release|Any CPU
		{8C960F8E-E82D-49C1-B8BD-22DD1218B4F9}.Release|ARM64.Build.0 = Release|Any CPU
		{8C960F8E-E82D-49C1-B8BD-22DD1218B4F9}.Release|iPhone.ActiveCfg = Release|Any CPU
		{8C960F8E-E82D-49C1-B8BD-22DD1218B4F9}.Release|iPhone.Build.0 = Release|Any CPU
		{8C960F8E-E82D-49C1-B8BD-22DD1218B4F9}.Release|iPhoneSimulator.ActiveCfg = Release|Any CPU
		{8C960F8E-E82D-49C1-B8BD-22DD1218B4F9}.Release|iPhoneSimulator.Build.0 = Release|Any CPU
		{8C960F8E-E82D-49C1-B8BD-22DD1218B4F9}.Release|x64.ActiveCfg = Release|Any CPU
		{8C960F8E-E82D-49C1-B8BD-22DD1218B4F9}.Release|x64.Build.0 = Release|Any CPU
		{8C960F8E-E82D-49C1-B8BD-22DD1218B4F9}.Release|x86.ActiveCfg = Release|Any CPU
		{8C960F8E-E82D-49C1-B8BD-22DD1218B4F9}.Release|x86.Build.0 = Release|Any CPU
		{023D234E-BA07-431E-AB08-433387EA3C3E}.Ad-Hoc|Any CPU.ActiveCfg = Debug|Any CPU
		{023D234E-BA07-431E-AB08-433387EA3C3E}.Ad-Hoc|Any CPU.Build.0 = Debug|Any CPU
		{023D234E-BA07-431E-AB08-433387EA3C3E}.Ad-Hoc|ARM.ActiveCfg = Debug|Any CPU
		{023D234E-BA07-431E-AB08-433387EA3C3E}.Ad-Hoc|ARM.Build.0 = Debug|Any CPU
		{023D234E-BA07-431E-AB08-433387EA3C3E}.Ad-Hoc|ARM64.ActiveCfg = Debug|Any CPU
		{023D234E-BA07-431E-AB08-433387EA3C3E}.Ad-Hoc|ARM64.Build.0 = Debug|Any CPU
		{023D234E-BA07-431E-AB08-433387EA3C3E}.Ad-Hoc|iPhone.ActiveCfg = Debug|Any CPU
		{023D234E-BA07-431E-AB08-433387EA3C3E}.Ad-Hoc|iPhone.Build.0 = Debug|Any CPU
		{023D234E-BA07-431E-AB08-433387EA3C3E}.Ad-Hoc|iPhoneSimulator.ActiveCfg = Debug|Any CPU
		{023D234E-BA07-431E-AB08-433387EA3C3E}.Ad-Hoc|iPhoneSimulator.Build.0 = Debug|Any CPU
		{023D234E-BA07-431E-AB08-433387EA3C3E}.Ad-Hoc|x64.ActiveCfg = Debug|Any CPU
		{023D234E-BA07-431E-AB08-433387EA3C3E}.Ad-Hoc|x64.Build.0 = Debug|Any CPU
		{023D234E-BA07-431E-AB08-433387EA3C3E}.Ad-Hoc|x86.ActiveCfg = Debug|Any CPU
		{023D234E-BA07-431E-AB08-433387EA3C3E}.Ad-Hoc|x86.Build.0 = Debug|Any CPU
		{023D234E-BA07-431E-AB08-433387EA3C3E}.AppStore|Any CPU.ActiveCfg = Debug|Any CPU
		{023D234E-BA07-431E-AB08-433387EA3C3E}.AppStore|Any CPU.Build.0 = Debug|Any CPU
		{023D234E-BA07-431E-AB08-433387EA3C3E}.AppStore|ARM.ActiveCfg = Debug|Any CPU
		{023D234E-BA07-431E-AB08-433387EA3C3E}.AppStore|ARM.Build.0 = Debug|Any CPU
		{023D234E-BA07-431E-AB08-433387EA3C3E}.AppStore|ARM64.ActiveCfg = Debug|Any CPU
		{023D234E-BA07-431E-AB08-433387EA3C3E}.AppStore|ARM64.Build.0 = Debug|Any CPU
		{023D234E-BA07-431E-AB08-433387EA3C3E}.AppStore|iPhone.ActiveCfg = Debug|Any CPU
		{023D234E-BA07-431E-AB08-433387EA3C3E}.AppStore|iPhone.Build.0 = Debug|Any CPU
		{023D234E-BA07-431E-AB08-433387EA3C3E}.AppStore|iPhoneSimulator.ActiveCfg = Debug|Any CPU
		{023D234E-BA07-431E-AB08-433387EA3C3E}.AppStore|iPhoneSimulator.Build.0 = Debug|Any CPU
		{023D234E-BA07-431E-AB08-433387EA3C3E}.AppStore|x64.ActiveCfg = Debug|Any CPU
		{023D234E-BA07-431E-AB08-433387EA3C3E}.AppStore|x64.Build.0 = Debug|Any CPU
		{023D234E-BA07-431E-AB08-433387EA3C3E}.AppStore|x86.ActiveCfg = Debug|Any CPU
		{023D234E-BA07-431E-AB08-433387EA3C3E}.AppStore|x86.Build.0 = Debug|Any CPU
		{023D234E-BA07-431E-AB08-433387EA3C3E}.Debug|Any CPU.ActiveCfg = Debug|Any CPU
		{023D234E-BA07-431E-AB08-433387EA3C3E}.Debug|Any CPU.Build.0 = Debug|Any CPU
		{023D234E-BA07-431E-AB08-433387EA3C3E}.Debug|ARM.ActiveCfg = Debug|Any CPU
		{023D234E-BA07-431E-AB08-433387EA3C3E}.Debug|ARM.Build.0 = Debug|Any CPU
		{023D234E-BA07-431E-AB08-433387EA3C3E}.Debug|ARM64.ActiveCfg = Debug|Any CPU
		{023D234E-BA07-431E-AB08-433387EA3C3E}.Debug|ARM64.Build.0 = Debug|Any CPU
		{023D234E-BA07-431E-AB08-433387EA3C3E}.Debug|iPhone.ActiveCfg = Debug|Any CPU
		{023D234E-BA07-431E-AB08-433387EA3C3E}.Debug|iPhone.Build.0 = Debug|Any CPU
		{023D234E-BA07-431E-AB08-433387EA3C3E}.Debug|iPhoneSimulator.ActiveCfg = Debug|Any CPU
		{023D234E-BA07-431E-AB08-433387EA3C3E}.Debug|iPhoneSimulator.Build.0 = Debug|Any CPU
		{023D234E-BA07-431E-AB08-433387EA3C3E}.Debug|x64.ActiveCfg = Debug|Any CPU
		{023D234E-BA07-431E-AB08-433387EA3C3E}.Debug|x64.Build.0 = Debug|Any CPU
		{023D234E-BA07-431E-AB08-433387EA3C3E}.Debug|x86.ActiveCfg = Debug|Any CPU
		{023D234E-BA07-431E-AB08-433387EA3C3E}.Debug|x86.Build.0 = Debug|Any CPU
		{023D234E-BA07-431E-AB08-433387EA3C3E}.Release|Any CPU.ActiveCfg = Release|Any CPU
		{023D234E-BA07-431E-AB08-433387EA3C3E}.Release|Any CPU.Build.0 = Release|Any CPU
		{023D234E-BA07-431E-AB08-433387EA3C3E}.Release|ARM.ActiveCfg = Release|Any CPU
		{023D234E-BA07-431E-AB08-433387EA3C3E}.Release|ARM.Build.0 = Release|Any CPU
		{023D234E-BA07-431E-AB08-433387EA3C3E}.Release|ARM64.ActiveCfg = Release|Any CPU
		{023D234E-BA07-431E-AB08-433387EA3C3E}.Release|ARM64.Build.0 = Release|Any CPU
		{023D234E-BA07-431E-AB08-433387EA3C3E}.Release|iPhone.ActiveCfg = Release|Any CPU
		{023D234E-BA07-431E-AB08-433387EA3C3E}.Release|iPhone.Build.0 = Release|Any CPU
		{023D234E-BA07-431E-AB08-433387EA3C3E}.Release|iPhoneSimulator.ActiveCfg = Release|Any CPU
		{023D234E-BA07-431E-AB08-433387EA3C3E}.Release|iPhoneSimulator.Build.0 = Release|Any CPU
		{023D234E-BA07-431E-AB08-433387EA3C3E}.Release|x64.ActiveCfg = Release|Any CPU
		{023D234E-BA07-431E-AB08-433387EA3C3E}.Release|x64.Build.0 = Release|Any CPU
		{023D234E-BA07-431E-AB08-433387EA3C3E}.Release|x86.ActiveCfg = Release|Any CPU
		{023D234E-BA07-431E-AB08-433387EA3C3E}.Release|x86.Build.0 = Release|Any CPU
		{964C2957-BA39-4A9F-9C1E-ECE05F871AC8}.Ad-Hoc|Any CPU.ActiveCfg = Debug|Any CPU
		{964C2957-BA39-4A9F-9C1E-ECE05F871AC8}.Ad-Hoc|Any CPU.Build.0 = Debug|Any CPU
		{964C2957-BA39-4A9F-9C1E-ECE05F871AC8}.Ad-Hoc|ARM.ActiveCfg = Debug|Any CPU
		{964C2957-BA39-4A9F-9C1E-ECE05F871AC8}.Ad-Hoc|ARM.Build.0 = Debug|Any CPU
		{964C2957-BA39-4A9F-9C1E-ECE05F871AC8}.Ad-Hoc|ARM64.ActiveCfg = Debug|Any CPU
		{964C2957-BA39-4A9F-9C1E-ECE05F871AC8}.Ad-Hoc|ARM64.Build.0 = Debug|Any CPU
		{964C2957-BA39-4A9F-9C1E-ECE05F871AC8}.Ad-Hoc|iPhone.ActiveCfg = Debug|Any CPU
		{964C2957-BA39-4A9F-9C1E-ECE05F871AC8}.Ad-Hoc|iPhone.Build.0 = Debug|Any CPU
		{964C2957-BA39-4A9F-9C1E-ECE05F871AC8}.Ad-Hoc|iPhoneSimulator.ActiveCfg = Debug|Any CPU
		{964C2957-BA39-4A9F-9C1E-ECE05F871AC8}.Ad-Hoc|iPhoneSimulator.Build.0 = Debug|Any CPU
		{964C2957-BA39-4A9F-9C1E-ECE05F871AC8}.Ad-Hoc|x64.ActiveCfg = Debug|Any CPU
		{964C2957-BA39-4A9F-9C1E-ECE05F871AC8}.Ad-Hoc|x64.Build.0 = Debug|Any CPU
		{964C2957-BA39-4A9F-9C1E-ECE05F871AC8}.Ad-Hoc|x86.ActiveCfg = Debug|Any CPU
		{964C2957-BA39-4A9F-9C1E-ECE05F871AC8}.Ad-Hoc|x86.Build.0 = Debug|Any CPU
		{964C2957-BA39-4A9F-9C1E-ECE05F871AC8}.AppStore|Any CPU.ActiveCfg = Debug|Any CPU
		{964C2957-BA39-4A9F-9C1E-ECE05F871AC8}.AppStore|Any CPU.Build.0 = Debug|Any CPU
		{964C2957-BA39-4A9F-9C1E-ECE05F871AC8}.AppStore|ARM.ActiveCfg = Debug|Any CPU
		{964C2957-BA39-4A9F-9C1E-ECE05F871AC8}.AppStore|ARM.Build.0 = Debug|Any CPU
		{964C2957-BA39-4A9F-9C1E-ECE05F871AC8}.AppStore|ARM64.ActiveCfg = Debug|Any CPU
		{964C2957-BA39-4A9F-9C1E-ECE05F871AC8}.AppStore|ARM64.Build.0 = Debug|Any CPU
		{964C2957-BA39-4A9F-9C1E-ECE05F871AC8}.AppStore|iPhone.ActiveCfg = Debug|Any CPU
		{964C2957-BA39-4A9F-9C1E-ECE05F871AC8}.AppStore|iPhone.Build.0 = Debug|Any CPU
		{964C2957-BA39-4A9F-9C1E-ECE05F871AC8}.AppStore|iPhoneSimulator.ActiveCfg = Debug|Any CPU
		{964C2957-BA39-4A9F-9C1E-ECE05F871AC8}.AppStore|iPhoneSimulator.Build.0 = Debug|Any CPU
		{964C2957-BA39-4A9F-9C1E-ECE05F871AC8}.AppStore|x64.ActiveCfg = Debug|Any CPU
		{964C2957-BA39-4A9F-9C1E-ECE05F871AC8}.AppStore|x64.Build.0 = Debug|Any CPU
		{964C2957-BA39-4A9F-9C1E-ECE05F871AC8}.AppStore|x86.ActiveCfg = Debug|Any CPU
		{964C2957-BA39-4A9F-9C1E-ECE05F871AC8}.AppStore|x86.Build.0 = Debug|Any CPU
		{964C2957-BA39-4A9F-9C1E-ECE05F871AC8}.Debug|Any CPU.ActiveCfg = Debug|Any CPU
		{964C2957-BA39-4A9F-9C1E-ECE05F871AC8}.Debug|Any CPU.Build.0 = Debug|Any CPU
		{964C2957-BA39-4A9F-9C1E-ECE05F871AC8}.Debug|ARM.ActiveCfg = Debug|Any CPU
		{964C2957-BA39-4A9F-9C1E-ECE05F871AC8}.Debug|ARM.Build.0 = Debug|Any CPU
		{964C2957-BA39-4A9F-9C1E-ECE05F871AC8}.Debug|ARM64.ActiveCfg = Debug|Any CPU
		{964C2957-BA39-4A9F-9C1E-ECE05F871AC8}.Debug|ARM64.Build.0 = Debug|Any CPU
		{964C2957-BA39-4A9F-9C1E-ECE05F871AC8}.Debug|iPhone.ActiveCfg = Debug|Any CPU
		{964C2957-BA39-4A9F-9C1E-ECE05F871AC8}.Debug|iPhone.Build.0 = Debug|Any CPU
		{964C2957-BA39-4A9F-9C1E-ECE05F871AC8}.Debug|iPhoneSimulator.ActiveCfg = Debug|Any CPU
		{964C2957-BA39-4A9F-9C1E-ECE05F871AC8}.Debug|iPhoneSimulator.Build.0 = Debug|Any CPU
		{964C2957-BA39-4A9F-9C1E-ECE05F871AC8}.Debug|x64.ActiveCfg = Debug|Any CPU
		{964C2957-BA39-4A9F-9C1E-ECE05F871AC8}.Debug|x64.Build.0 = Debug|Any CPU
		{964C2957-BA39-4A9F-9C1E-ECE05F871AC8}.Debug|x86.ActiveCfg = Debug|Any CPU
		{964C2957-BA39-4A9F-9C1E-ECE05F871AC8}.Debug|x86.Build.0 = Debug|Any CPU
		{964C2957-BA39-4A9F-9C1E-ECE05F871AC8}.Release|Any CPU.ActiveCfg = Release|Any CPU
		{964C2957-BA39-4A9F-9C1E-ECE05F871AC8}.Release|Any CPU.Build.0 = Release|Any CPU
		{964C2957-BA39-4A9F-9C1E-ECE05F871AC8}.Release|ARM.ActiveCfg = Release|Any CPU
		{964C2957-BA39-4A9F-9C1E-ECE05F871AC8}.Release|ARM.Build.0 = Release|Any CPU
		{964C2957-BA39-4A9F-9C1E-ECE05F871AC8}.Release|ARM64.ActiveCfg = Release|Any CPU
		{964C2957-BA39-4A9F-9C1E-ECE05F871AC8}.Release|ARM64.Build.0 = Release|Any CPU
		{964C2957-BA39-4A9F-9C1E-ECE05F871AC8}.Release|iPhone.ActiveCfg = Release|Any CPU
		{964C2957-BA39-4A9F-9C1E-ECE05F871AC8}.Release|iPhone.Build.0 = Release|Any CPU
		{964C2957-BA39-4A9F-9C1E-ECE05F871AC8}.Release|iPhoneSimulator.ActiveCfg = Release|Any CPU
		{964C2957-BA39-4A9F-9C1E-ECE05F871AC8}.Release|iPhoneSimulator.Build.0 = Release|Any CPU
		{964C2957-BA39-4A9F-9C1E-ECE05F871AC8}.Release|x64.ActiveCfg = Release|Any CPU
		{964C2957-BA39-4A9F-9C1E-ECE05F871AC8}.Release|x64.Build.0 = Release|Any CPU
		{964C2957-BA39-4A9F-9C1E-ECE05F871AC8}.Release|x86.ActiveCfg = Release|Any CPU
		{964C2957-BA39-4A9F-9C1E-ECE05F871AC8}.Release|x86.Build.0 = Release|Any CPU
	EndGlobalSection
	GlobalSection(SolutionProperties) = preSolution
		HideSolutionNode = FALSE
	EndGlobalSection
	GlobalSection(NestedProjects) = preSolution
		{1E693D98-26B5-4D3E-BA2E-01F2ED4053FA} = {DB2125B0-12EF-48C1-9C44-CD58666ECAEE}
		{523E8A17-3B19-4A5C-A053-E2CAA1ECA259} = {DB2125B0-12EF-48C1-9C44-CD58666ECAEE}
		{0EF37AD0-D9F0-4CE5-8BD0-3EEDB94ED845} = {DB2125B0-12EF-48C1-9C44-CD58666ECAEE}
		{848F68B4-7CB9-4564-B029-45B1F3A712F4} = {DB2125B0-12EF-48C1-9C44-CD58666ECAEE}
		{655CAAB8-C64C-4350-B030-BC75BC637522} = {DB2125B0-12EF-48C1-9C44-CD58666ECAEE}
		{D5A558CE-90BC-4C1C-8084-6732A88BC21C} = {DB2125B0-12EF-48C1-9C44-CD58666ECAEE}
		{8C960F8E-E82D-49C1-B8BD-22DD1218B4F9} = {DB2125B0-12EF-48C1-9C44-CD58666ECAEE}
		{023D234E-BA07-431E-AB08-433387EA3C3E} = {DB2125B0-12EF-48C1-9C44-CD58666ECAEE}
		{964C2957-BA39-4A9F-9C1E-ECE05F871AC8} = {DB2125B0-12EF-48C1-9C44-CD58666ECAEE}
	EndGlobalSection
	GlobalSection(ExtensibilityGlobals) = postSolution
		SolutionGuid = {B98D3421-13F5-4431-8098-CB435D00F515}
	EndGlobalSection
EndGlobal
